
Microsoft Visual Studio Solution File, Format Version 12.00
# Visual Studio 14
VisualStudioVersion = 14.0.24720.0
MinimumVisualStudioVersion = 10.0.40219.1
Project("{FAE04EC0-301F-11D3-BF4B-00C04F79EFBC}") = "Excel2Json", "Excel2Json\Excel2Json.csproj", "{6AD5C1C7-65CC-48CE-9875-58923EA21BEE}"
EndProject
Project("{FAE04EC0-301F-11D3-BF4B-00C04F79EFBC}") = "ReadDataFromExcel", "ReadDataFromExcel\ReadDataFromExcel.csproj", "{B945FD00-8E77-4B0D-B3FF-DD54BDE5D5DD}"
EndProject
Global
	GlobalSection(SolutionConfigurationPlatforms) = preSolution
		Debug|Any CPU = Debug|Any CPU
		Release|Any CPU = Release|Any CPU
	EndGlobalSection
	GlobalSection(ProjectConfigurationPlatforms) = postSolution
		{6AD5C1C7-65CC-48CE-9875-58923EA21BEE}.Debug|Any CPU.ActiveCfg = Debug|Any CPU
		{6AD5C1C7-65CC-48CE-9875-58923EA21BEE}.Debug|Any CPU.Build.0 = Debug|Any CPU
		{6AD5C1C7-65CC-48CE-9875-58923EA21BEE}.Release|Any CPU.ActiveCfg = Release|Any CPU
		{6AD5C1C7-65CC-48CE-9875-58923EA21BEE}.Release|Any CPU.Build.0 = Release|Any CPU
		{B945FD00-8E77-4B0D-B3FF-DD54BDE5D5DD}.Debug|Any CPU.ActiveCfg = Debug|Any CPU
		{B945FD00-8E77-4B0D-B3FF-DD54BDE5D5DD}.Debug|Any CPU.Build.0 = Debug|Any CPU
		{B945FD00-8E77-4B0D-B3FF-DD54BDE5D5DD}.Release|Any CPU.ActiveCfg = Release|Any CPU
		{B945FD00-8E77-4B0D-B3FF-DD54BDE5D5DD}.Release|Any CPU.Build.0 = Release|Any CPU
	EndGlobalSection
	GlobalSection(SolutionProperties) = preSolution
		HideSolutionNode = FALSE
	EndGlobalSection
EndGlobal
